
Microsoft Visual Studio Solution File, Format Version 12.00
# Visual Studio Version 16
VisualStudioVersion = 16.0.30717.126
MinimumVisualStudioVersion = 10.0.40219.1
Project("{FAE04EC0-301F-11D3-BF4B-00C04F79EFBC}") = "ITMO.CS_WPF.U2E2.WpfRoutedEvent_2_2", "ITMO.CS_WPF.U2E2.WpfRoutedEvent_2_2.csproj", "{EE31D492-0E74-401A-B094-B65A1C9F0944}"
EndProject
Global
	GlobalSection(SolutionConfigurationPlatforms) = preSolution
		Debug|Any CPU = Debug|Any CPU
		Release|Any CPU = Release|Any CPU
	EndGlobalSection
	GlobalSection(ProjectConfigurationPlatforms) = postSolution
		{EE31D492-0E74-401A-B094-B65A1C9F0944}.Debug|Any CPU.ActiveCfg = Debug|Any CPU
		{EE31D492-0E74-401A-B094-B65A1C9F0944}.Debug|Any CPU.Build.0 = Debug|Any CPU
		{EE31D492-0E74-401A-B094-B65A1C9F0944}.Release|Any CPU.ActiveCfg = Release|Any CPU
		{EE31D492-0E74-401A-B094-B65A1C9F0944}.Release|Any CPU.Build.0 = Release|Any CPU
	EndGlobalSection
	GlobalSection(SolutionProperties) = preSolution
		HideSolutionNode = FALSE
	EndGlobalSection
	GlobalSection(ExtensibilityGlobals) = postSolution
		SolutionGuid = {4214D412-BB07-481D-8D1B-C1AC9E789AFD}
	EndGlobalSection
EndGlobal
