
Microsoft Visual Studio Solution File, Format Version 12.00
# Visual Studio Version 16
VisualStudioVersion = 16.0.30804.86
MinimumVisualStudioVersion = 10.0.40219.1
Project("{FAE04EC0-301F-11D3-BF4B-00C04F79EFBC}") = "ITMO.CS_WPF.U6E1.UserForms", "ITMO.CS_WPF.U6E1.UserForms.csproj", "{62ABC2F5-3FCC-4FD4-9959-FFFEECE6F60F}"
EndProject
Global
	GlobalSection(SolutionConfigurationPlatforms) = preSolution
		Debug|Any CPU = Debug|Any CPU
		Release|Any CPU = Release|Any CPU
	EndGlobalSection
	GlobalSection(ProjectConfigurationPlatforms) = postSolution
		{62ABC2F5-3FCC-4FD4-9959-FFFEECE6F60F}.Debug|Any CPU.ActiveCfg = Debug|Any CPU
		{62ABC2F5-3FCC-4FD4-9959-FFFEECE6F60F}.Debug|Any CPU.Build.0 = Debug|Any CPU
		{62ABC2F5-3FCC-4FD4-9959-FFFEECE6F60F}.Release|Any CPU.ActiveCfg = Release|Any CPU
		{62ABC2F5-3FCC-4FD4-9959-FFFEECE6F60F}.Release|Any CPU.Build.0 = Release|Any CPU
	EndGlobalSection
	GlobalSection(SolutionProperties) = preSolution
		HideSolutionNode = FALSE
	EndGlobalSection
	GlobalSection(ExtensibilityGlobals) = postSolution
		SolutionGuid = {421DBAF6-D27D-4299-A02D-FED1869E24F0}
	EndGlobalSection
EndGlobal
