
Microsoft Visual Studio Solution File, Format Version 12.00
# Visual Studio Version 16
VisualStudioVersion = 16.0.30804.86
MinimumVisualStudioVersion = 10.0.40219.1
Project("{FAE04EC0-301F-11D3-BF4B-00C04F79EFBC}") = "ITMO.CS_WPF.U6E2.WpfUserControl", "ITMO.CS_WPF.U6E2.WpfUserControl.csproj", "{A8504EBA-35B2-4701-9D7F-1932807974BF}"
EndProject
Global
	GlobalSection(SolutionConfigurationPlatforms) = preSolution
		Debug|Any CPU = Debug|Any CPU
		Release|Any CPU = Release|Any CPU
	EndGlobalSection
	GlobalSection(ProjectConfigurationPlatforms) = postSolution
		{A8504EBA-35B2-4701-9D7F-1932807974BF}.Debug|Any CPU.ActiveCfg = Debug|Any CPU
		{A8504EBA-35B2-4701-9D7F-1932807974BF}.Debug|Any CPU.Build.0 = Debug|Any CPU
		{A8504EBA-35B2-4701-9D7F-1932807974BF}.Release|Any CPU.ActiveCfg = Release|Any CPU
		{A8504EBA-35B2-4701-9D7F-1932807974BF}.Release|Any CPU.Build.0 = Release|Any CPU
	EndGlobalSection
	GlobalSection(SolutionProperties) = preSolution
		HideSolutionNode = FALSE
	EndGlobalSection
	GlobalSection(ExtensibilityGlobals) = postSolution
		SolutionGuid = {193C9792-703B-4BCD-A4E6-CEC838A50002}
	EndGlobalSection
EndGlobal
